
Microsoft Visual Studio Solution File, Format Version 12.00
# Visual Studio Version 17
VisualStudioVersion = 17.10.35122.118
MinimumVisualStudioVersion = 10.0.40219.1
Project("{9A19103F-16F7-4668-BE54-9A1E7A4F7556}") = "MauiApp1", "MauiApp1\MauiApp1.csproj", "{EA7B9E7A-1D27-4C12-8298-B83B35139BA0}"
EndProject
Project("{9A19103F-16F7-4668-BE54-9A1E7A4F7556}") = "MauiLib1.Model", "MauiLib1.Model\MauiLib1.Model.csproj", "{DAED4C25-D809-46A9-A509-5B271EAF2E8D}"
EndProject
Project("{FAE04EC0-301F-11D3-BF4B-00C04F79EFBC}") = "MauiLib1.Service", "MauiLib1.Service\MauiLib1.Service.csproj", "{D5A666FA-F2EE-44E8-B908-D26C1D68C5CE}"
EndProject
Project("{FAE04EC0-301F-11D3-BF4B-00C04F79EFBC}") = "MauiLib1.IService", "MauiLib1.IService\MauiLib1.IService.csproj", "{DD946BD2-7B1D-4808-95E5-42DBB21C6584}"
EndProject
Global
	GlobalSection(SolutionConfigurationPlatforms) = preSolution
		Debug|Any CPU = Debug|Any CPU
		Release|Any CPU = Release|Any CPU
	EndGlobalSection
	GlobalSection(ProjectConfigurationPlatforms) = postSolution
		{EA7B9E7A-1D27-4C12-8298-B83B35139BA0}.Debug|Any CPU.ActiveCfg = Debug|Any CPU
		{EA7B9E7A-1D27-4C12-8298-B83B35139BA0}.Debug|Any CPU.Build.0 = Debug|Any CPU
		{EA7B9E7A-1D27-4C12-8298-B83B35139BA0}.Debug|Any CPU.Deploy.0 = Debug|Any CPU
		{EA7B9E7A-1D27-4C12-8298-B83B35139BA0}.Release|Any CPU.ActiveCfg = Release|Any CPU
		{EA7B9E7A-1D27-4C12-8298-B83B35139BA0}.Release|Any CPU.Build.0 = Release|Any CPU
		{EA7B9E7A-1D27-4C12-8298-B83B35139BA0}.Release|Any CPU.Deploy.0 = Release|Any CPU
		{DAED4C25-D809-46A9-A509-5B271EAF2E8D}.Debug|Any CPU.ActiveCfg = Debug|Any CPU
		{DAED4C25-D809-46A9-A509-5B271EAF2E8D}.Debug|Any CPU.Build.0 = Debug|Any CPU
		{DAED4C25-D809-46A9-A509-5B271EAF2E8D}.Release|Any CPU.ActiveCfg = Release|Any CPU
		{DAED4C25-D809-46A9-A509-5B271EAF2E8D}.Release|Any CPU.Build.0 = Release|Any CPU
		{D5A666FA-F2EE-44E8-B908-D26C1D68C5CE}.Debug|Any CPU.ActiveCfg = Debug|Any CPU
		{D5A666FA-F2EE-44E8-B908-D26C1D68C5CE}.Debug|Any CPU.Build.0 = Debug|Any CPU
		{D5A666FA-F2EE-44E8-B908-D26C1D68C5CE}.Release|Any CPU.ActiveCfg = Release|Any CPU
		{D5A666FA-F2EE-44E8-B908-D26C1D68C5CE}.Release|Any CPU.Build.0 = Release|Any CPU
		{DD946BD2-7B1D-4808-95E5-42DBB21C6584}.Debug|Any CPU.ActiveCfg = Debug|Any CPU
		{DD946BD2-7B1D-4808-95E5-42DBB21C6584}.Debug|Any CPU.Build.0 = Debug|Any CPU
		{DD946BD2-7B1D-4808-95E5-42DBB21C6584}.Release|Any CPU.ActiveCfg = Release|Any CPU
		{DD946BD2-7B1D-4808-95E5-42DBB21C6584}.Release|Any CPU.Build.0 = Release|Any CPU
	EndGlobalSection
	GlobalSection(SolutionProperties) = preSolution
		HideSolutionNode = FALSE
	EndGlobalSection
	GlobalSection(ExtensibilityGlobals) = postSolution
		SolutionGuid = {63E7F273-0FF4-4161-9822-E2E7E1CB8214}
	EndGlobalSection
EndGlobal
